{
  "name": "scroll-agnostic-timeline",
  "version": "1.0.0",
  "lockfileVersion": 1,
  "requires": true,
  "dependencies": {
    "visible-children-observer": {
      "version": "2.0.0",
      "resolved": "https://registry.npmjs.org/visible-children-observer/-/visible-children-observer-2.0.0.tgz",
      "integrity": "sha512-rirWlJzwcJiHTNXXTLyaDFaOs1G8i471hhsBNJ3VAXzztxH6+gQRK1IRk6ikyJlYubNu0/EH4xF2C7FKH9sLCw=="
    }
  }
}
